
Microsoft Visual Studio Solution File, Format Version 12.00
# Visual Studio 2012
Project("{8BC9CEB8-8B4A-11D0-8D11-00A0C91BC942}") = "nnnEditControl2012", "nnnEditControl2012.vcxproj", "{7A27B79F-7B2F-4ECE-B0CA-44459B507B52}"
EndProject
Global
	GlobalSection(SolutionConfigurationPlatforms) = preSolution
		Debug|Win32 = Debug|Win32
		Release|Win32 = Release|Win32
	EndGlobalSection
	GlobalSection(ProjectConfigurationPlatforms) = postSolution
		{7A27B79F-7B2F-4ECE-B0CA-44459B507B52}.Debug|Win32.ActiveCfg = Debug|Win32
		{7A27B79F-7B2F-4ECE-B0CA-44459B507B52}.Debug|Win32.Build.0 = Debug|Win32
		{7A27B79F-7B2F-4ECE-B0CA-44459B507B52}.Release|Win32.ActiveCfg = Release|Win32
		{7A27B79F-7B2F-4ECE-B0CA-44459B507B52}.Release|Win32.Build.0 = Release|Win32
	EndGlobalSection
	GlobalSection(SolutionProperties) = preSolution
		HideSolutionNode = FALSE
	EndGlobalSection
EndGlobal
