
Microsoft Visual Studio Solution File, Format Version 12.00
# Visual Studio 15
VisualStudioVersion = 15.0.27004.2009
MinimumVisualStudioVersion = 10.0.40219.1
Project("{8BC9CEB8-8B4A-11D0-8D11-00A0C91BC942}") = "nnnExe2012", "nnnExe2012.vcxproj", "{87873202-E8E7-4706-93C9-41DCDCD1852F}"
EndProject
Global
	GlobalSection(SolutionConfigurationPlatforms) = preSolution
		Debug_ver2|Win32 = Debug_ver2|Win32
		Debug_Win7|Win32 = Debug_Win7|Win32
		Debug|Win32 = Debug|Win32
		Release_ver2|Win32 = Release_ver2|Win32
		Release_Win7|Win32 = Release_Win7|Win32
		Release|Win32 = Release|Win32
	EndGlobalSection
	GlobalSection(ProjectConfigurationPlatforms) = postSolution
		{87873202-E8E7-4706-93C9-41DCDCD1852F}.Debug_ver2|Win32.ActiveCfg = Debug_ver2|Win32
		{87873202-E8E7-4706-93C9-41DCDCD1852F}.Debug_ver2|Win32.Build.0 = Debug_ver2|Win32
		{87873202-E8E7-4706-93C9-41DCDCD1852F}.Debug_Win7|Win32.ActiveCfg = Debug_Win7|Win32
		{87873202-E8E7-4706-93C9-41DCDCD1852F}.Debug_Win7|Win32.Build.0 = Debug_Win7|Win32
		{87873202-E8E7-4706-93C9-41DCDCD1852F}.Debug|Win32.ActiveCfg = Debug|Win32
		{87873202-E8E7-4706-93C9-41DCDCD1852F}.Debug|Win32.Build.0 = Debug|Win32
		{87873202-E8E7-4706-93C9-41DCDCD1852F}.Release_ver2|Win32.ActiveCfg = Release_ver2|Win32
		{87873202-E8E7-4706-93C9-41DCDCD1852F}.Release_ver2|Win32.Build.0 = Release_ver2|Win32
		{87873202-E8E7-4706-93C9-41DCDCD1852F}.Release_Win7|Win32.ActiveCfg = Release_Win7|Win32
		{87873202-E8E7-4706-93C9-41DCDCD1852F}.Release_Win7|Win32.Build.0 = Release_Win7|Win32
		{87873202-E8E7-4706-93C9-41DCDCD1852F}.Release|Win32.ActiveCfg = Release|Win32
		{87873202-E8E7-4706-93C9-41DCDCD1852F}.Release|Win32.Build.0 = Release|Win32
	EndGlobalSection
	GlobalSection(SolutionProperties) = preSolution
		HideSolutionNode = FALSE
	EndGlobalSection
	GlobalSection(ExtensibilityGlobals) = postSolution
		SolutionGuid = {EBE591A7-B20E-47C9-916E-7A5E60585662}
	EndGlobalSection
EndGlobal
