
Microsoft Visual Studio Solution File, Format Version 9.00
# Visual Studio 2005
Project("{8BC9CEB8-8B4A-11D0-8D11-00A0C91BC942}") = "nnnEdit3D", "nnnEdit3D.vcproj", "{11584141-D738-4BC8-B1F3-4378FCD2474E}"
EndProject
Global
	GlobalSection(SolutionConfigurationPlatforms) = preSolution
		Debug|Win32 = Debug|Win32
		Release|Win32 = Release|Win32
	EndGlobalSection
	GlobalSection(ProjectConfigurationPlatforms) = postSolution
		{11584141-D738-4BC8-B1F3-4378FCD2474E}.Debug|Win32.ActiveCfg = Debug|Win32
		{11584141-D738-4BC8-B1F3-4378FCD2474E}.Debug|Win32.Build.0 = Debug|Win32
		{11584141-D738-4BC8-B1F3-4378FCD2474E}.Release|Win32.ActiveCfg = Release|Win32
		{11584141-D738-4BC8-B1F3-4378FCD2474E}.Release|Win32.Build.0 = Release|Win32
	EndGlobalSection
	GlobalSection(SolutionProperties) = preSolution
		HideSolutionNode = FALSE
	EndGlobalSection
EndGlobal
