
Microsoft Visual Studio Solution File, Format Version 12.00
# Visual Studio 2012
Project("{8BC9CEB8-8B4A-11D0-8D11-00A0C91BC942}") = "nnnEdit2012", "nnnEdit2012.vcxproj", "{0F782AF4-5BAA-443C-9DE5-624FC212E077}"
	ProjectSection(ProjectDependencies) = postProject
		{71CC1155-FF40-4B82-9DD0-67B31A728C0D} = {71CC1155-FF40-4B82-9DD0-67B31A728C0D}
		{7A27B79F-7B2F-4ECE-B0CA-44459B507B52} = {7A27B79F-7B2F-4ECE-B0CA-44459B507B52}
		{7FEEC4CD-A4C0-4CA5-91BE-6D83E1382C13} = {7FEEC4CD-A4C0-4CA5-91BE-6D83E1382C13}
	EndProjectSection
EndProject
Project("{8BC9CEB8-8B4A-11D0-8D11-00A0C91BC942}") = "nnnEditControl2012", "..\nnnEditControl2012\nnnEditControl2012.vcxproj", "{7A27B79F-7B2F-4ECE-B0CA-44459B507B52}"
EndProject
Project("{8BC9CEB8-8B4A-11D0-8D11-00A0C91BC942}") = "nnnEditView2012", "..\nnnEditView2012\nnnEditView2012.vcxproj", "{71CC1155-FF40-4B82-9DD0-67B31A728C0D}"
EndProject
Project("{8BC9CEB8-8B4A-11D0-8D11-00A0C91BC942}") = "nnnEditUtil2012", "..\nnnEditUtil2012\nnnEditUtil2012.vcxproj", "{7FEEC4CD-A4C0-4CA5-91BE-6D83E1382C13}"
EndProject
Global
	GlobalSection(SolutionConfigurationPlatforms) = preSolution
		Debug|Win32 = Debug|Win32
		Release|Win32 = Release|Win32
	EndGlobalSection
	GlobalSection(ProjectConfigurationPlatforms) = postSolution
		{0F782AF4-5BAA-443C-9DE5-624FC212E077}.Debug|Win32.ActiveCfg = Debug|Win32
		{0F782AF4-5BAA-443C-9DE5-624FC212E077}.Debug|Win32.Build.0 = Debug|Win32
		{0F782AF4-5BAA-443C-9DE5-624FC212E077}.Release|Win32.ActiveCfg = Release|Win32
		{0F782AF4-5BAA-443C-9DE5-624FC212E077}.Release|Win32.Build.0 = Release|Win32
		{7A27B79F-7B2F-4ECE-B0CA-44459B507B52}.Debug|Win32.ActiveCfg = Debug|Win32
		{7A27B79F-7B2F-4ECE-B0CA-44459B507B52}.Debug|Win32.Build.0 = Debug|Win32
		{7A27B79F-7B2F-4ECE-B0CA-44459B507B52}.Release|Win32.ActiveCfg = Release|Win32
		{7A27B79F-7B2F-4ECE-B0CA-44459B507B52}.Release|Win32.Build.0 = Release|Win32
		{71CC1155-FF40-4B82-9DD0-67B31A728C0D}.Debug|Win32.ActiveCfg = Debug|Win32
		{71CC1155-FF40-4B82-9DD0-67B31A728C0D}.Debug|Win32.Build.0 = Debug|Win32
		{71CC1155-FF40-4B82-9DD0-67B31A728C0D}.Release|Win32.ActiveCfg = Release|Win32
		{71CC1155-FF40-4B82-9DD0-67B31A728C0D}.Release|Win32.Build.0 = Release|Win32
		{7FEEC4CD-A4C0-4CA5-91BE-6D83E1382C13}.Debug|Win32.ActiveCfg = Debug|Win32
		{7FEEC4CD-A4C0-4CA5-91BE-6D83E1382C13}.Debug|Win32.Build.0 = Debug|Win32
		{7FEEC4CD-A4C0-4CA5-91BE-6D83E1382C13}.Release|Win32.ActiveCfg = Release|Win32
		{7FEEC4CD-A4C0-4CA5-91BE-6D83E1382C13}.Release|Win32.Build.0 = Release|Win32
	EndGlobalSection
	GlobalSection(SolutionProperties) = preSolution
		HideSolutionNode = FALSE
	EndGlobalSection
EndGlobal
