
Microsoft Visual Studio Solution File, Format Version 12.00
# Visual Studio 2012
Project("{8BC9CEB8-8B4A-11D0-8D11-00A0C91BC942}") = "nnnEditUtil2012", "nnnEditUtil2012.vcxproj", "{7FEEC4CD-A4C0-4CA5-91BE-6D83E1382C13}"
EndProject
Global
	GlobalSection(SolutionConfigurationPlatforms) = preSolution
		Debug|Win32 = Debug|Win32
		Release|Win32 = Release|Win32
	EndGlobalSection
	GlobalSection(ProjectConfigurationPlatforms) = postSolution
		{7FEEC4CD-A4C0-4CA5-91BE-6D83E1382C13}.Debug|Win32.ActiveCfg = Debug|Win32
		{7FEEC4CD-A4C0-4CA5-91BE-6D83E1382C13}.Debug|Win32.Build.0 = Debug|Win32
		{7FEEC4CD-A4C0-4CA5-91BE-6D83E1382C13}.Release|Win32.ActiveCfg = Release|Win32
		{7FEEC4CD-A4C0-4CA5-91BE-6D83E1382C13}.Release|Win32.Build.0 = Release|Win32
	EndGlobalSection
	GlobalSection(SolutionProperties) = preSolution
		HideSolutionNode = FALSE
	EndGlobalSection
EndGlobal
